
Microsoft Visual Studio Solution File, Format Version 11.00
# Visual Studio 2010
Project("{FAE04EC0-301F-11D3-BF4B-00C04F79EFBC}") = "WpfApplication2", "WpfApplication2\WpfApplication2.csproj", "{1f5ac39a-7a4f-4284-bd12-7b7d63dedf77}"
EndProject
Global
	GlobalSection(SolutionConfigurationPlatforms) = preSolution
		Debug|Any CPU = Debug|Any CPU
		Release|Any CPU = Release|Any CPU
	EndGlobalSection
	GlobalSection(ProjectConfigurationPlatforms) = postSolution
		{1F5AC39A-7A4F-4284-BD12-7B7D63DEDF77}.Debug|Any CPU.ActiveCfg = Debug|Any CPU
		{1F5AC39A-7A4F-4284-BD12-7B7D63DEDF77}.Debug|Any CPU.Build.0 = Debug|Any CPU
		{1F5AC39A-7A4F-4284-BD12-7B7D63DEDF77}.Release|Any CPU.ActiveCfg = Release|Any CPU
		{1F5AC39A-7A4F-4284-BD12-7B7D63DEDF77}.Release|Any CPU.Build.0 = Release|Any CPU
	EndGlobalSection
EndGlobal
