
Microsoft Visual Studio Solution File, Format Version 11.00
# Visual Studio 2010
Project("{F184B08F-C81C-45F6-A57F-5ABD9991F28F}") = "EFDataFirstDemo", "EFDataFirstDemo\EFDataFirstDemo.vbproj", "{122476EB-7B00-4217-9343-1A24403551B7}"
EndProject
Global
	GlobalSection(SolutionConfigurationPlatforms) = preSolution
		Debug|x86 = Debug|x86
		Release|x86 = Release|x86
	EndGlobalSection
	GlobalSection(ProjectConfigurationPlatforms) = postSolution
		{122476EB-7B00-4217-9343-1A24403551B7}.Debug|x86.ActiveCfg = Debug|x86
		{122476EB-7B00-4217-9343-1A24403551B7}.Debug|x86.Build.0 = Debug|x86
		{122476EB-7B00-4217-9343-1A24403551B7}.Release|x86.ActiveCfg = Release|x86
		{122476EB-7B00-4217-9343-1A24403551B7}.Release|x86.Build.0 = Release|x86
	EndGlobalSection
	GlobalSection(SolutionProperties) = preSolution
		HideSolutionNode = FALSE
	EndGlobalSection
EndGlobal
