
Microsoft Visual Studio Solution File, Format Version 11.00
# Visual Studio 2010
Project("{F184B08F-C81C-45F6-A57F-5ABD9991F28F}") = "GreetingTrueMVCApp", "GreetingTrueMVCApp\GreetingTrueMVCApp.vbproj", "{E225E74E-9383-4380-ACA9-BA8CC11771B1}"
EndProject
Project("{F184B08F-C81C-45F6-A57F-5ABD9991F28F}") = "GreetingTrueMVCApp.Tests", "GreetingTrueMVCApp.Tests\GreetingTrueMVCApp.Tests.vbproj", "{75A915C8-6FF1-40BA-B114-CCA1C2B20D53}"
EndProject
Project("{2150E333-8FDC-42A3-9474-1A3956D46DE8}") = "Solution Items", "Solution Items", "{20EE085F-3EBA-435F-8FF9-C5954FCC309D}"
	ProjectSection(SolutionItems) = preProject
		GreetingTrueMVCApp.vsmdi = GreetingTrueMVCApp.vsmdi
		Local.testsettings = Local.testsettings
		TraceAndTestImpact.testsettings = TraceAndTestImpact.testsettings
	EndProjectSection
EndProject
Global
	GlobalSection(TestCaseManagementSettings) = postSolution
		CategoryFile = GreetingTrueMVCApp.vsmdi
	EndGlobalSection
	GlobalSection(SolutionConfigurationPlatforms) = preSolution
		Debug|Any CPU = Debug|Any CPU
		Release|Any CPU = Release|Any CPU
	EndGlobalSection
	GlobalSection(ProjectConfigurationPlatforms) = postSolution
		{E225E74E-9383-4380-ACA9-BA8CC11771B1}.Debug|Any CPU.ActiveCfg = Debug|Any CPU
		{E225E74E-9383-4380-ACA9-BA8CC11771B1}.Debug|Any CPU.Build.0 = Debug|Any CPU
		{E225E74E-9383-4380-ACA9-BA8CC11771B1}.Release|Any CPU.ActiveCfg = Release|Any CPU
		{E225E74E-9383-4380-ACA9-BA8CC11771B1}.Release|Any CPU.Build.0 = Release|Any CPU
		{75A915C8-6FF1-40BA-B114-CCA1C2B20D53}.Debug|Any CPU.ActiveCfg = Debug|Any CPU
		{75A915C8-6FF1-40BA-B114-CCA1C2B20D53}.Debug|Any CPU.Build.0 = Debug|Any CPU
		{75A915C8-6FF1-40BA-B114-CCA1C2B20D53}.Release|Any CPU.ActiveCfg = Release|Any CPU
		{75A915C8-6FF1-40BA-B114-CCA1C2B20D53}.Release|Any CPU.Build.0 = Release|Any CPU
	EndGlobalSection
	GlobalSection(SolutionProperties) = preSolution
		HideSolutionNode = FALSE
	EndGlobalSection
EndGlobal
