
Microsoft Visual Studio Solution File, Format Version 11.00
# Visual Studio 2010
Project("{F184B08F-C81C-45F6-A57F-5ABD9991F28F}") = "GreetingConsoleApp", "GreetingConsoleApp\GreetingConsoleApp.vbproj", "{528DCF05-CF6C-4D25-976C-ECFA43D05475}"
EndProject
Project("{F184B08F-C81C-45F6-A57F-5ABD9991F28F}") = "GreetingConsoleApp.Tests", "GreetingConsoleApp.Tests\GreetingConsoleApp.Tests.vbproj", "{29E0A5FA-3407-49AD-9A67-97DE66645D44}"
EndProject
Project("{2150E333-8FDC-42A3-9474-1A3956D46DE8}") = "Solution Items", "Solution Items", "{7511E302-5C24-4ABD-8D6B-FDC9216E7CEB}"
	ProjectSection(SolutionItems) = preProject
		GreetingConsoleApp.vsmdi = GreetingConsoleApp.vsmdi
		Local.testsettings = Local.testsettings
		TraceAndTestImpact.testsettings = TraceAndTestImpact.testsettings
	EndProjectSection
EndProject
Global
	GlobalSection(TestCaseManagementSettings) = postSolution
		CategoryFile = GreetingConsoleApp.vsmdi
	EndGlobalSection
	GlobalSection(SolutionConfigurationPlatforms) = preSolution
		Debug|Any CPU = Debug|Any CPU
		Debug|Mixed Platforms = Debug|Mixed Platforms
		Debug|x86 = Debug|x86
		Release|Any CPU = Release|Any CPU
		Release|Mixed Platforms = Release|Mixed Platforms
		Release|x86 = Release|x86
	EndGlobalSection
	GlobalSection(ProjectConfigurationPlatforms) = postSolution
		{528DCF05-CF6C-4D25-976C-ECFA43D05475}.Debug|Any CPU.ActiveCfg = Debug|x86
		{528DCF05-CF6C-4D25-976C-ECFA43D05475}.Debug|Mixed Platforms.ActiveCfg = Debug|x86
		{528DCF05-CF6C-4D25-976C-ECFA43D05475}.Debug|Mixed Platforms.Build.0 = Debug|x86
		{528DCF05-CF6C-4D25-976C-ECFA43D05475}.Debug|x86.ActiveCfg = Debug|x86
		{528DCF05-CF6C-4D25-976C-ECFA43D05475}.Debug|x86.Build.0 = Debug|x86
		{528DCF05-CF6C-4D25-976C-ECFA43D05475}.Release|Any CPU.ActiveCfg = Release|x86
		{528DCF05-CF6C-4D25-976C-ECFA43D05475}.Release|Mixed Platforms.ActiveCfg = Release|x86
		{528DCF05-CF6C-4D25-976C-ECFA43D05475}.Release|Mixed Platforms.Build.0 = Release|x86
		{528DCF05-CF6C-4D25-976C-ECFA43D05475}.Release|x86.ActiveCfg = Release|x86
		{528DCF05-CF6C-4D25-976C-ECFA43D05475}.Release|x86.Build.0 = Release|x86
		{29E0A5FA-3407-49AD-9A67-97DE66645D44}.Debug|Any CPU.ActiveCfg = Debug|Any CPU
		{29E0A5FA-3407-49AD-9A67-97DE66645D44}.Debug|Any CPU.Build.0 = Debug|Any CPU
		{29E0A5FA-3407-49AD-9A67-97DE66645D44}.Debug|Mixed Platforms.ActiveCfg = Debug|Any CPU
		{29E0A5FA-3407-49AD-9A67-97DE66645D44}.Debug|Mixed Platforms.Build.0 = Debug|Any CPU
		{29E0A5FA-3407-49AD-9A67-97DE66645D44}.Debug|x86.ActiveCfg = Debug|Any CPU
		{29E0A5FA-3407-49AD-9A67-97DE66645D44}.Release|Any CPU.ActiveCfg = Release|Any CPU
		{29E0A5FA-3407-49AD-9A67-97DE66645D44}.Release|Any CPU.Build.0 = Release|Any CPU
		{29E0A5FA-3407-49AD-9A67-97DE66645D44}.Release|Mixed Platforms.ActiveCfg = Release|Any CPU
		{29E0A5FA-3407-49AD-9A67-97DE66645D44}.Release|Mixed Platforms.Build.0 = Release|Any CPU
		{29E0A5FA-3407-49AD-9A67-97DE66645D44}.Release|x86.ActiveCfg = Release|Any CPU
	EndGlobalSection
	GlobalSection(SolutionProperties) = preSolution
		HideSolutionNode = FALSE
	EndGlobalSection
EndGlobal
